
Microsoft Visual Studio Solution File, Format Version 12.00
# Visual Studio Version 16
VisualStudioVersion = 16.0.29006.145
MinimumVisualStudioVersion = 15.0.26124.0
Project("{2150E333-8FDC-42A3-9474-1A3956D46DE8}") = "Solution Items", "Solution Items", "{225B3E38-6822-4DC9-BAAA-BE8FB35550FD}"
	ProjectSection(SolutionItems) = preProject
		.editorconfig = .editorconfig
		.gitattributes = .gitattributes
		.gitignore = .gitignore
		.gitmodules = .gitmodules
		AllRules.ruleset = AllRules.ruleset
		Directory.Build.props = Directory.Build.props
		Directory.Meta.props = Directory.Meta.props
		LICENSE = LICENSE
	EndProjectSection
EndProject
Project("{2150E333-8FDC-42A3-9474-1A3956D46DE8}") = "src", "src", "{175AFD0E-9D48-44C0-B22F-BBD1CF391F8C}"
EndProject
Project("{FAE04EC0-301F-11D3-BF4B-00C04F79EFBC}") = "THNETII.Security.WindowsImpersonation", "src\THNETII.Security.WindowsImpersonation\THNETII.Security.WindowsImpersonation.csproj", "{C1E07A3E-00A7-4FE6-B675-4BD4518F0EA5}"
EndProject
Global
	GlobalSection(SolutionConfigurationPlatforms) = preSolution
		Debug|Any CPU = Debug|Any CPU
		Debug|x64 = Debug|x64
		Debug|x86 = Debug|x86
		Release|Any CPU = Release|Any CPU
		Release|x64 = Release|x64
		Release|x86 = Release|x86
	EndGlobalSection
	GlobalSection(SolutionProperties) = preSolution
		HideSolutionNode = FALSE
	EndGlobalSection
	GlobalSection(ExtensibilityGlobals) = postSolution
		SolutionGuid = {31741BAF-6815-47B4-98E2-82AC3158782A}
	EndGlobalSection
	GlobalSection(ProjectConfigurationPlatforms) = postSolution
		{C1E07A3E-00A7-4FE6-B675-4BD4518F0EA5}.Debug|Any CPU.ActiveCfg = Debug|Any CPU
		{C1E07A3E-00A7-4FE6-B675-4BD4518F0EA5}.Debug|Any CPU.Build.0 = Debug|Any CPU
		{C1E07A3E-00A7-4FE6-B675-4BD4518F0EA5}.Debug|x64.ActiveCfg = Debug|Any CPU
		{C1E07A3E-00A7-4FE6-B675-4BD4518F0EA5}.Debug|x64.Build.0 = Debug|Any CPU
		{C1E07A3E-00A7-4FE6-B675-4BD4518F0EA5}.Debug|x86.ActiveCfg = Debug|Any CPU
		{C1E07A3E-00A7-4FE6-B675-4BD4518F0EA5}.Debug|x86.Build.0 = Debug|Any CPU
		{C1E07A3E-00A7-4FE6-B675-4BD4518F0EA5}.Release|Any CPU.ActiveCfg = Release|Any CPU
		{C1E07A3E-00A7-4FE6-B675-4BD4518F0EA5}.Release|Any CPU.Build.0 = Release|Any CPU
		{C1E07A3E-00A7-4FE6-B675-4BD4518F0EA5}.Release|x64.ActiveCfg = Release|Any CPU
		{C1E07A3E-00A7-4FE6-B675-4BD4518F0EA5}.Release|x64.Build.0 = Release|Any CPU
		{C1E07A3E-00A7-4FE6-B675-4BD4518F0EA5}.Release|x86.ActiveCfg = Release|Any CPU
		{C1E07A3E-00A7-4FE6-B675-4BD4518F0EA5}.Release|x86.Build.0 = Release|Any CPU
	EndGlobalSection
	GlobalSection(NestedProjects) = preSolution
		{C1E07A3E-00A7-4FE6-B675-4BD4518F0EA5} = {175AFD0E-9D48-44C0-B22F-BBD1CF391F8C}
	EndGlobalSection
EndGlobal
